Microsoft Visual Studio Solution File, Format Version 11.00
# Visual Studio 2008

Project("{B7E39189-08C3-9310-CEEA-54B7818A54E0}") = "chess451", "Assembly-CSharp-firstpass.csproj", "{9543CC11-EE0B-7D57-3C2E-AF96846F301E}"
EndProject
Project("{B7E39189-08C3-9310-CEEA-54B7818A54E0}") = "chess451", "Assembly-CSharp.csproj", "{8F5CDCB2-B2E7-F09B-830D-5E874AB920F9}"
EndProject
Project("{B7E39189-08C3-9310-CEEA-54B7818A54E0}") = "chess451", "Assembly-CSharp-Editor.csproj", "{3D8F932F-211D-0786-771E-0BB33D428680}"
EndProject
Project("{B7E39189-08C3-9310-CEEA-54B7818A54E0}") = "chess451", "Assembly-UnityScript.unityproj", "{605AB3B9-DCD1-B0DD-BD7B-92BAB5AA7FFA}"
EndProject
Global
	GlobalSection(SolutionConfigurationPlatforms) = preSolution
		Debug|Any CPU = Debug|Any CPU
		Release|Any CPU = Release|Any CPU
	EndGlobalSection
	GlobalSection(ProjectConfigurationPlatforms) = postSolution
		{9543CC11-EE0B-7D57-3C2E-AF96846F301E}.Debug|Any CPU.ActiveCfg = Debug|Any CPU
		{9543CC11-EE0B-7D57-3C2E-AF96846F301E}.Debug|Any CPU.Build.0 = Debug|Any CPU
		{9543CC11-EE0B-7D57-3C2E-AF96846F301E}.Release|Any CPU.ActiveCfg = Release|Any CPU
		{9543CC11-EE0B-7D57-3C2E-AF96846F301E}.Release|Any CPU.Build.0 = Release|Any CPU
		{8F5CDCB2-B2E7-F09B-830D-5E874AB920F9}.Debug|Any CPU.ActiveCfg = Debug|Any CPU
		{8F5CDCB2-B2E7-F09B-830D-5E874AB920F9}.Debug|Any CPU.Build.0 = Debug|Any CPU
		{8F5CDCB2-B2E7-F09B-830D-5E874AB920F9}.Release|Any CPU.ActiveCfg = Release|Any CPU
		{8F5CDCB2-B2E7-F09B-830D-5E874AB920F9}.Release|Any CPU.Build.0 = Release|Any CPU
		{3D8F932F-211D-0786-771E-0BB33D428680}.Debug|Any CPU.ActiveCfg = Debug|Any CPU
		{3D8F932F-211D-0786-771E-0BB33D428680}.Debug|Any CPU.Build.0 = Debug|Any CPU
		{3D8F932F-211D-0786-771E-0BB33D428680}.Release|Any CPU.ActiveCfg = Release|Any CPU
		{3D8F932F-211D-0786-771E-0BB33D428680}.Release|Any CPU.Build.0 = Release|Any CPU
		{605AB3B9-DCD1-B0DD-BD7B-92BAB5AA7FFA}.Debug|Any CPU.ActiveCfg = Debug|Any CPU
		{605AB3B9-DCD1-B0DD-BD7B-92BAB5AA7FFA}.Debug|Any CPU.Build.0 = Debug|Any CPU
		{605AB3B9-DCD1-B0DD-BD7B-92BAB5AA7FFA}.Release|Any CPU.ActiveCfg = Release|Any CPU
		{605AB3B9-DCD1-B0DD-BD7B-92BAB5AA7FFA}.Release|Any CPU.Build.0 = Release|Any CPU
	EndGlobalSection
	GlobalSection(SolutionProperties) = preSolution
		HideSolutionNode = FALSE
	EndGlobalSection
																																					GlobalSection(MonoDevelopProperties) = preSolution
		StartupItem = Assembly-CSharp.csproj
		Policies = $0
		$0.TextStylePolicy = $1
		$1.inheritsSet = null
		$1.scope = text/x-csharp
		$0.CSharpFormattingPolicy = $2
		$2.inheritsSet = Mono
		$2.inheritsScope = text/x-csharp
		$2.scope = text/x-csharp
		$0.TextStylePolicy = $3
		$3.FileWidth = 120
		$3.TabWidth = 4
		$3.IndentWidth = 4
		$3.EolMarker = Unix
		$3.inheritsSet = Mono
		$3.inheritsScope = text/plain
		$3.scope = text/plain
	EndGlobalSection

EndGlobal
